
Microsoft Visual Studio Solution File, Format Version 12.00
# Visual Studio 15
VisualStudioVersion = 15.0.26510.0
MinimumVisualStudioVersion = 10.0.40219.1
Project("{9A19103F-16F7-4668-BE54-9A1E7A4F7556}") = "NT.Infrastructure", "src\NT.Infrastructure\NT.Infrastructure.csproj", "{DABA5E01-B5C5-4325-9672-12B35E01CE24}"
EndProject
Project("{9A19103F-16F7-4668-BE54-9A1E7A4F7556}") = "NT.Core", "src\NT.Core\NT.Core.csproj", "{88E28277-B9F7-4D1A-9150-8715BAA32213}"
EndProject
Project("{2150E333-8FDC-42A3-9474-1A3956D46DE8}") = "Solution Items", "Solution Items", "{6CEABC5E-C3AD-45DE-9302-1321FCAD8033}"
	ProjectSection(SolutionItems) = preProject
		.gitignore = .gitignore
		LICENSE = LICENSE
		README.md = README.md
		ShoppingCartDemoCodeMap.dgml = ShoppingCartDemoCodeMap.dgml
	EndProjectSection
EndProject
Project("{2150E333-8FDC-42A3-9474-1A3956D46DE8}") = "Externals", "Externals", "{8D3B46E9-34E0-4C7D-8E06-7221B6492406}"
EndProject
Project("{9A19103F-16F7-4668-BE54-9A1E7A4F7556}") = "NT.MigrationConsole", "src\NT.MigrationConsole\NT.MigrationConsole.csproj", "{46C34DD5-0275-47B3-9B2A-5D922CDC50FF}"
EndProject
Project("{9A19103F-16F7-4668-BE54-9A1E7A4F7556}") = "NT.IdentityServer", "src\NT.IdentityServer\NT.IdentityServer.csproj", "{10FD5B48-FBAF-4C9F-A0FA-6D389EA909E8}"
EndProject
Project("{2150E333-8FDC-42A3-9474-1A3956D46DE8}") = "InternalServices", "InternalServices", "{2006F265-C085-4F5D-8EFE-29B15B8C003B}"
EndProject
Project("{9A19103F-16F7-4668-BE54-9A1E7A4F7556}") = "NT.WebApi", "src\NT.WebApi\NT.WebApi.csproj", "{A7BBB2B3-F326-496A-98B8-A27B878361B0}"
EndProject
Global
	GlobalSection(SolutionConfigurationPlatforms) = preSolution
		Debug|Any CPU = Debug|Any CPU
		Release|Any CPU = Release|Any CPU
	EndGlobalSection
	GlobalSection(ProjectConfigurationPlatforms) = postSolution
		{DABA5E01-B5C5-4325-9672-12B35E01CE24}.Debug|Any CPU.ActiveCfg = Debug|Any CPU
		{DABA5E01-B5C5-4325-9672-12B35E01CE24}.Debug|Any CPU.Build.0 = Debug|Any CPU
		{DABA5E01-B5C5-4325-9672-12B35E01CE24}.Release|Any CPU.ActiveCfg = Release|Any CPU
		{DABA5E01-B5C5-4325-9672-12B35E01CE24}.Release|Any CPU.Build.0 = Release|Any CPU
		{88E28277-B9F7-4D1A-9150-8715BAA32213}.Debug|Any CPU.ActiveCfg = Debug|Any CPU
		{88E28277-B9F7-4D1A-9150-8715BAA32213}.Debug|Any CPU.Build.0 = Debug|Any CPU
		{88E28277-B9F7-4D1A-9150-8715BAA32213}.Release|Any CPU.ActiveCfg = Release|Any CPU
		{88E28277-B9F7-4D1A-9150-8715BAA32213}.Release|Any CPU.Build.0 = Release|Any CPU
		{46C34DD5-0275-47B3-9B2A-5D922CDC50FF}.Debug|Any CPU.ActiveCfg = Debug|Any CPU
		{46C34DD5-0275-47B3-9B2A-5D922CDC50FF}.Debug|Any CPU.Build.0 = Debug|Any CPU
		{46C34DD5-0275-47B3-9B2A-5D922CDC50FF}.Release|Any CPU.ActiveCfg = Release|Any CPU
		{46C34DD5-0275-47B3-9B2A-5D922CDC50FF}.Release|Any CPU.Build.0 = Release|Any CPU
		{10FD5B48-FBAF-4C9F-A0FA-6D389EA909E8}.Debug|Any CPU.ActiveCfg = Debug|Any CPU
		{10FD5B48-FBAF-4C9F-A0FA-6D389EA909E8}.Debug|Any CPU.Build.0 = Debug|Any CPU
		{10FD5B48-FBAF-4C9F-A0FA-6D389EA909E8}.Release|Any CPU.ActiveCfg = Release|Any CPU
		{10FD5B48-FBAF-4C9F-A0FA-6D389EA909E8}.Release|Any CPU.Build.0 = Release|Any CPU
		{A7BBB2B3-F326-496A-98B8-A27B878361B0}.Debug|Any CPU.ActiveCfg = Debug|Any CPU
		{A7BBB2B3-F326-496A-98B8-A27B878361B0}.Debug|Any CPU.Build.0 = Debug|Any CPU
		{A7BBB2B3-F326-496A-98B8-A27B878361B0}.Release|Any CPU.ActiveCfg = Release|Any CPU
		{A7BBB2B3-F326-496A-98B8-A27B878361B0}.Release|Any CPU.Build.0 = Release|Any CPU
	EndGlobalSection
	GlobalSection(SolutionProperties) = preSolution
		HideSolutionNode = FALSE
	EndGlobalSection
	GlobalSection(NestedProjects) = preSolution
		{46C34DD5-0275-47B3-9B2A-5D922CDC50FF} = {8D3B46E9-34E0-4C7D-8E06-7221B6492406}
		{10FD5B48-FBAF-4C9F-A0FA-6D389EA909E8} = {2006F265-C085-4F5D-8EFE-29B15B8C003B}
		{A7BBB2B3-F326-496A-98B8-A27B878361B0} = {2006F265-C085-4F5D-8EFE-29B15B8C003B}
	EndGlobalSection
EndGlobal
