
Microsoft Visual Studio Solution File, Format Version 12.00
# Visual Studio 15
VisualStudioVersion = 15.0.26510.0
MinimumVisualStudioVersion = 10.0.40219.1
Project("{9A19103F-16F7-4668-BE54-9A1E7A4F7556}") = "NT.Infrastructure", "src\NT.Infrastructure\NT.Infrastructure.csproj", "{DABA5E01-B5C5-4325-9672-12B35E01CE24}"
EndProject
Project("{9A19103F-16F7-4668-BE54-9A1E7A4F7556}") = "NT.Core", "src\NT.Core\NT.Core.csproj", "{88E28277-B9F7-4D1A-9150-8715BAA32213}"
EndProject
Project("{2150E333-8FDC-42A3-9474-1A3956D46DE8}") = "Solution Items", "Solution Items", "{6CEABC5E-C3AD-45DE-9302-1321FCAD8033}"
	ProjectSection(SolutionItems) = preProject
		.gitignore = .gitignore
		LICENSE = LICENSE
		README.md = README.md
	EndProjectSection
EndProject
Project("{9A19103F-16F7-4668-BE54-9A1E7A4F7556}") = "NT.IdentityServer", "src\Services\NT.IdentityServer\NT.IdentityServer.csproj", "{10FD5B48-FBAF-4C9F-A0FA-6D389EA909E8}"
EndProject
Project("{2150E333-8FDC-42A3-9474-1A3956D46DE8}") = "Services", "Services", "{2006F265-C085-4F5D-8EFE-29B15B8C003B}"
EndProject
Project("{9A19103F-16F7-4668-BE54-9A1E7A4F7556}") = "NT.WebApi", "src\NT.WebApi\NT.WebApi.csproj", "{A7BBB2B3-F326-496A-98B8-A27B878361B0}"
EndProject
Project("{2150E333-8FDC-42A3-9474-1A3956D46DE8}") = "CustomerService", "CustomerService", "{15931FC3-5847-4CCD-864D-B3021ACBA493}"
EndProject
Project("{9A19103F-16F7-4668-BE54-9A1E7A4F7556}") = "NT.CustomerService.Api", "src\Services\NT.CustomerService.Api\NT.CustomerService.Api.csproj", "{5EB1E686-91BC-437B-A8A2-70B37CFDD030}"
EndProject
Project("{9A19103F-16F7-4668-BE54-9A1E7A4F7556}") = "NT.CustomerService.Migrator", "src\Services\NT.CustomerService.Migrator\NT.CustomerService.Migrator.csproj", "{4B3DDD05-59A1-4909-99F5-BF9C9DE9E030}"
EndProject
Project("{9A19103F-16F7-4668-BE54-9A1E7A4F7556}") = "NT.CustomerService.Core", "src\Services\NT.CustomerService.Core\NT.CustomerService.Core.csproj", "{D775D3AA-ADA4-48CD-AA89-BCC6538659C0}"
EndProject
Project("{9A19103F-16F7-4668-BE54-9A1E7A4F7556}") = "NT.CustomerService.Infrastructure", "src\Services\NT.CustomerService.Infrastructure\NT.CustomerService.Infrastructure.csproj", "{8B7000C5-5047-4B88-A682-18AD88122FF8}"
EndProject
Project("{2150E333-8FDC-42A3-9474-1A3956D46DE8}") = "OrderService", "OrderService", "{3B2DE55E-BD5F-41B6-9FF0-3ED29456EEEB}"
EndProject
Project("{9A19103F-16F7-4668-BE54-9A1E7A4F7556}") = "NT.OrderService.Api", "src\Services\NT.OrderService.Api\NT.OrderService.Api.csproj", "{4011DE0B-E16D-4B35-9AD6-BC4F98DE8C5A}"
EndProject
Project("{9A19103F-16F7-4668-BE54-9A1E7A4F7556}") = "NT.OrderService.Infrastructure", "src\Services\NT.OrderService.Infrastructure\NT.OrderService.Infrastructure.csproj", "{C7C2B7C3-03B2-4B70-BEE6-394290DEF372}"
EndProject
Project("{9A19103F-16F7-4668-BE54-9A1E7A4F7556}") = "NT.OrderService.Core", "src\Services\NT.OrderService.Core\NT.OrderService.Core.csproj", "{EC5DA055-56D5-4A8F-94D2-20249C556B81}"
EndProject
Project("{9A19103F-16F7-4668-BE54-9A1E7A4F7556}") = "NT.OrderService.Migrator", "src\Services\NT.OrderService.Migrator\NT.OrderService.Migrator.csproj", "{0261D36B-125C-4CEB-A6CD-D1454AAAE458}"
EndProject
Project("{2150E333-8FDC-42A3-9474-1A3956D46DE8}") = "CatalogService", "CatalogService", "{60C4787C-2D2D-4544-B599-BF97F20BA609}"
EndProject
Project("{9A19103F-16F7-4668-BE54-9A1E7A4F7556}") = "NT.CatalogService.Api", "src\Services\NT.CatalogService.Api\NT.CatalogService.Api.csproj", "{0056EB3F-C44E-472B-8DF6-62067759EE9F}"
EndProject
Project("{9A19103F-16F7-4668-BE54-9A1E7A4F7556}") = "NT.CatalogService.Migrator", "src\Services\NT.CatalogService.Migrator\NT.CatalogService.Migrator.csproj", "{24D7203A-6A80-4C86-AD1D-1D50993F8C29}"
EndProject
Project("{9A19103F-16F7-4668-BE54-9A1E7A4F7556}") = "NT.CatalogService.Core", "src\Services\NT.CatalogService.Core\NT.CatalogService.Core.csproj", "{4CC83BCD-A8AC-493E-808C-428C85E5C5B6}"
EndProject
Project("{9A19103F-16F7-4668-BE54-9A1E7A4F7556}") = "NT.CatalogService.Infrastructure", "src\Services\NT.CatalogService.Infrastructure\NT.CatalogService.Infrastructure.csproj", "{00458E19-D313-46B8-90A2-E7C669A9C6FF}"
EndProject
Project("{2150E333-8FDC-42A3-9474-1A3956D46DE8}") = "SecurityService", "SecurityService", "{FDEB445B-ADED-43C7-A5F8-B31050CC1FA7}"
EndProject
Project("{9A19103F-16F7-4668-BE54-9A1E7A4F7556}") = "NT.IdentityServer.Migrator", "src\Services\NT.IdentityServer.Migrator\NT.IdentityServer.Migrator.csproj", "{C510945A-97AB-4D7B-BA21-3FF7695CAAC6}"
EndProject
Project("{9A19103F-16F7-4668-BE54-9A1E7A4F7556}") = "NT.IdentityServer.Infrastructure", "src\Services\NT.IdentityServer.Infrastructure\NT.IdentityServer.Infrastructure.csproj", "{30F56EA8-851F-40C5-A8AC-8F1AB64480E6}"
EndProject
Project("{9A19103F-16F7-4668-BE54-9A1E7A4F7556}") = "NT.Migrator", "src\NT.Migrator\NT.Migrator.csproj", "{A5A480ED-5DCC-4D6F-8290-846AEEC53678}"
EndProject
Project("{9A19103F-16F7-4668-BE54-9A1E7A4F7556}") = "NT.Infrastructure.MessageBus", "src\NT.Infrastructure.MessageBus\NT.Infrastructure.MessageBus.csproj", "{2E427938-5B2A-4159-B17A-127FE350E0D5}"
EndProject
Project("{9A19103F-16F7-4668-BE54-9A1E7A4F7556}") = "NT.Infrastructure.MessageBus.RabbitMq", "src\NT.Infrastructure.MessageBus.RabbitMq\NT.Infrastructure.MessageBus.RabbitMq.csproj", "{F248C6AB-23EE-4B53-829A-CDEF9B5E86F7}"
EndProject
Project("{9A19103F-16F7-4668-BE54-9A1E7A4F7556}") = "NT.Infrastructure.EntityFrameworkCore", "src\NT.Infrastructure.EntityFrameworkCore\NT.Infrastructure.EntityFrameworkCore.csproj", "{CED75CD3-5F1E-47A7-AD08-D892B419A33E}"
EndProject
Project("{9A19103F-16F7-4668-BE54-9A1E7A4F7556}") = "NT.Infrastructure.AspNetCore", "src\NT.Infrastructure.AspNetCore\NT.Infrastructure.AspNetCore.csproj", "{FE61D99D-CAFD-4F11-A757-EFDA59A84B2B}"
EndProject
Project("{2150E333-8FDC-42A3-9474-1A3956D46DE8}") = "CheckoutProcess", "CheckoutProcess", "{853089EC-57A1-4433-A56F-AE49B5A12401}"
EndProject
Project("{9A19103F-16F7-4668-BE54-9A1E7A4F7556}") = "NT.CheckoutProcess.Core", "src\Services\NT.CheckoutProcess.Core\NT.CheckoutProcess.Core.csproj", "{53BFA129-1E2B-4AA4-BCDC-61BF050BEB6D}"
EndProject
Project("{9A19103F-16F7-4668-BE54-9A1E7A4F7556}") = "NT.CheckoutProcess.Infrastructure", "src\Services\NT.CheckoutProcess.Infrastructure\NT.CheckoutProcess.Infrastructure.csproj", "{EF8965C4-3541-47A2-9503-CA50E2BF7267}"
EndProject
Project("{9A19103F-16F7-4668-BE54-9A1E7A4F7556}") = "NT.CheckoutProcess.Api", "src\Services\NT.CheckoutProcess.Api\NT.CheckoutProcess.Api.csproj", "{56DF98A2-7590-480F-ABF9-043E9589659B}"
EndProject
Project("{9A19103F-16F7-4668-BE54-9A1E7A4F7556}") = "NT.CheckoutProcess.Migrator", "src\Services\NT.CheckoutProcess.Migrator\NT.CheckoutProcess.Migrator.csproj", "{DC7E29B1-A9E3-43B0-B984-39B985B98A02}"
EndProject
Project("{2150E333-8FDC-42A3-9474-1A3956D46DE8}") = "PaymentService", "PaymentService", "{7E15E968-DE68-4654-97B3-330CB225A764}"
EndProject
Project("{9A19103F-16F7-4668-BE54-9A1E7A4F7556}") = "NT.PaymentService.Core", "src\Services\NT.PaymentService.Core\NT.PaymentService.Core.csproj", "{DBDA8473-BA49-4DC5-8963-157003A84468}"
EndProject
Project("{9A19103F-16F7-4668-BE54-9A1E7A4F7556}") = "NT.PaymentService.Infrastructure", "src\Services\NT.PaymentService.Infrastructure\NT.PaymentService.Infrastructure.csproj", "{865857C6-0F07-4B7A-8BC5-6469421DE86C}"
EndProject
Project("{9A19103F-16F7-4668-BE54-9A1E7A4F7556}") = "NT.PaymentService.Migrator", "src\Services\NT.PaymentService.Migrator\NT.PaymentService.Migrator.csproj", "{CE01C1E3-E4B6-4F57-A958-F48174E46EB2}"
EndProject
Project("{9A19103F-16F7-4668-BE54-9A1E7A4F7556}") = "NT.PaymentService.Api", "src\Services\NT.PaymentService.Api\NT.PaymentService.Api.csproj", "{8416AC1B-15BC-466F-9B64-291DD8063D7D}"
EndProject
Project("{2150E333-8FDC-42A3-9474-1A3956D46DE8}") = "AuditService", "AuditService", "{A9FCC537-8862-4BFF-8DF9-4108EFB4AC4E}"
EndProject
Project("{9A19103F-16F7-4668-BE54-9A1E7A4F7556}") = "NT.AuditService.Core", "src\Services\NT.AuditService.Core\NT.AuditService.Core.csproj", "{790F3F61-EC3A-471B-A676-AF8E73160891}"
EndProject
Project("{9A19103F-16F7-4668-BE54-9A1E7A4F7556}") = "NT.AuditService.Infrastructure", "src\Services\NT.AuditService.Infrastructure\NT.AuditService.Infrastructure.csproj", "{D2EECD34-1791-42BC-94BA-07F62FDCE23B}"
EndProject
Project("{9A19103F-16F7-4668-BE54-9A1E7A4F7556}") = "NT.AuditService.Migrator", "src\Services\NT.AuditService.Migrator\NT.AuditService.Migrator.csproj", "{D415E042-37BA-47A4-B066-5BC155379C98}"
EndProject
Project("{9A19103F-16F7-4668-BE54-9A1E7A4F7556}") = "NT.AuditService.Api", "src\Services\NT.AuditService.Api\NT.AuditService.Api.csproj", "{18ABCD2D-99B7-4257-9A72-C72DE385CFCE}"
EndProject
Project("{2150E333-8FDC-42A3-9474-1A3956D46DE8}") = "BuildScripts", "BuildScripts", "{581E735B-273B-40D5-BFE8-E3A3D69A8BFA}"
	ProjectSection(SolutionItems) = preProject
		builds\start_all_services.ps1 = builds\start_all_services.ps1
		builds\start_api_gateway_service.ps1 = builds\start_api_gateway_service.ps1
		builds\start_audit_service.ps1 = builds\start_audit_service.ps1
		builds\start_catalog_service.ps1 = builds\start_catalog_service.ps1
		builds\start_checkout_service.ps1 = builds\start_checkout_service.ps1
		builds\start_customer_service.ps1 = builds\start_customer_service.ps1
		builds\start_order_service.ps1 = builds\start_order_service.ps1
		builds\start_payment_service.ps1 = builds\start_payment_service.ps1
		builds\start_security_service.ps1 = builds\start_security_service.ps1
		builds\start_web.ps1 = builds\start_web.ps1
	EndProjectSection
EndProject
Global
	GlobalSection(SolutionConfigurationPlatforms) = preSolution
		Debug|Any CPU = Debug|Any CPU
		Release|Any CPU = Release|Any CPU
	EndGlobalSection
	GlobalSection(ProjectConfigurationPlatforms) = postSolution
		{DABA5E01-B5C5-4325-9672-12B35E01CE24}.Debug|Any CPU.ActiveCfg = Debug|Any CPU
		{DABA5E01-B5C5-4325-9672-12B35E01CE24}.Debug|Any CPU.Build.0 = Debug|Any CPU
		{DABA5E01-B5C5-4325-9672-12B35E01CE24}.Release|Any CPU.ActiveCfg = Release|Any CPU
		{DABA5E01-B5C5-4325-9672-12B35E01CE24}.Release|Any CPU.Build.0 = Release|Any CPU
		{88E28277-B9F7-4D1A-9150-8715BAA32213}.Debug|Any CPU.ActiveCfg = Debug|Any CPU
		{88E28277-B9F7-4D1A-9150-8715BAA32213}.Debug|Any CPU.Build.0 = Debug|Any CPU
		{88E28277-B9F7-4D1A-9150-8715BAA32213}.Release|Any CPU.ActiveCfg = Release|Any CPU
		{88E28277-B9F7-4D1A-9150-8715BAA32213}.Release|Any CPU.Build.0 = Release|Any CPU
		{10FD5B48-FBAF-4C9F-A0FA-6D389EA909E8}.Debug|Any CPU.ActiveCfg = Debug|Any CPU
		{10FD5B48-FBAF-4C9F-A0FA-6D389EA909E8}.Debug|Any CPU.Build.0 = Debug|Any CPU
		{10FD5B48-FBAF-4C9F-A0FA-6D389EA909E8}.Release|Any CPU.ActiveCfg = Release|Any CPU
		{10FD5B48-FBAF-4C9F-A0FA-6D389EA909E8}.Release|Any CPU.Build.0 = Release|Any CPU
		{A7BBB2B3-F326-496A-98B8-A27B878361B0}.Debug|Any CPU.ActiveCfg = Debug|Any CPU
		{A7BBB2B3-F326-496A-98B8-A27B878361B0}.Debug|Any CPU.Build.0 = Debug|Any CPU
		{A7BBB2B3-F326-496A-98B8-A27B878361B0}.Release|Any CPU.ActiveCfg = Release|Any CPU
		{A7BBB2B3-F326-496A-98B8-A27B878361B0}.Release|Any CPU.Build.0 = Release|Any CPU
		{5EB1E686-91BC-437B-A8A2-70B37CFDD030}.Debug|Any CPU.ActiveCfg = Debug|Any CPU
		{5EB1E686-91BC-437B-A8A2-70B37CFDD030}.Debug|Any CPU.Build.0 = Debug|Any CPU
		{5EB1E686-91BC-437B-A8A2-70B37CFDD030}.Release|Any CPU.ActiveCfg = Release|Any CPU
		{5EB1E686-91BC-437B-A8A2-70B37CFDD030}.Release|Any CPU.Build.0 = Release|Any CPU
		{4B3DDD05-59A1-4909-99F5-BF9C9DE9E030}.Debug|Any CPU.ActiveCfg = Debug|Any CPU
		{4B3DDD05-59A1-4909-99F5-BF9C9DE9E030}.Debug|Any CPU.Build.0 = Debug|Any CPU
		{4B3DDD05-59A1-4909-99F5-BF9C9DE9E030}.Release|Any CPU.ActiveCfg = Release|Any CPU
		{4B3DDD05-59A1-4909-99F5-BF9C9DE9E030}.Release|Any CPU.Build.0 = Release|Any CPU
		{D775D3AA-ADA4-48CD-AA89-BCC6538659C0}.Debug|Any CPU.ActiveCfg = Debug|Any CPU
		{D775D3AA-ADA4-48CD-AA89-BCC6538659C0}.Debug|Any CPU.Build.0 = Debug|Any CPU
		{D775D3AA-ADA4-48CD-AA89-BCC6538659C0}.Release|Any CPU.ActiveCfg = Release|Any CPU
		{D775D3AA-ADA4-48CD-AA89-BCC6538659C0}.Release|Any CPU.Build.0 = Release|Any CPU
		{8B7000C5-5047-4B88-A682-18AD88122FF8}.Debug|Any CPU.ActiveCfg = Debug|Any CPU
		{8B7000C5-5047-4B88-A682-18AD88122FF8}.Debug|Any CPU.Build.0 = Debug|Any CPU
		{8B7000C5-5047-4B88-A682-18AD88122FF8}.Release|Any CPU.ActiveCfg = Release|Any CPU
		{8B7000C5-5047-4B88-A682-18AD88122FF8}.Release|Any CPU.Build.0 = Release|Any CPU
		{4011DE0B-E16D-4B35-9AD6-BC4F98DE8C5A}.Debug|Any CPU.ActiveCfg = Debug|Any CPU
		{4011DE0B-E16D-4B35-9AD6-BC4F98DE8C5A}.Debug|Any CPU.Build.0 = Debug|Any CPU
		{4011DE0B-E16D-4B35-9AD6-BC4F98DE8C5A}.Release|Any CPU.ActiveCfg = Release|Any CPU
		{4011DE0B-E16D-4B35-9AD6-BC4F98DE8C5A}.Release|Any CPU.Build.0 = Release|Any CPU
		{C7C2B7C3-03B2-4B70-BEE6-394290DEF372}.Debug|Any CPU.ActiveCfg = Debug|Any CPU
		{C7C2B7C3-03B2-4B70-BEE6-394290DEF372}.Debug|Any CPU.Build.0 = Debug|Any CPU
		{C7C2B7C3-03B2-4B70-BEE6-394290DEF372}.Release|Any CPU.ActiveCfg = Release|Any CPU
		{C7C2B7C3-03B2-4B70-BEE6-394290DEF372}.Release|Any CPU.Build.0 = Release|Any CPU
		{EC5DA055-56D5-4A8F-94D2-20249C556B81}.Debug|Any CPU.ActiveCfg = Debug|Any CPU
		{EC5DA055-56D5-4A8F-94D2-20249C556B81}.Debug|Any CPU.Build.0 = Debug|Any CPU
		{EC5DA055-56D5-4A8F-94D2-20249C556B81}.Release|Any CPU.ActiveCfg = Release|Any CPU
		{EC5DA055-56D5-4A8F-94D2-20249C556B81}.Release|Any CPU.Build.0 = Release|Any CPU
		{0261D36B-125C-4CEB-A6CD-D1454AAAE458}.Debug|Any CPU.ActiveCfg = Debug|Any CPU
		{0261D36B-125C-4CEB-A6CD-D1454AAAE458}.Debug|Any CPU.Build.0 = Debug|Any CPU
		{0261D36B-125C-4CEB-A6CD-D1454AAAE458}.Release|Any CPU.ActiveCfg = Release|Any CPU
		{0261D36B-125C-4CEB-A6CD-D1454AAAE458}.Release|Any CPU.Build.0 = Release|Any CPU
		{0056EB3F-C44E-472B-8DF6-62067759EE9F}.Debug|Any CPU.ActiveCfg = Debug|Any CPU
		{0056EB3F-C44E-472B-8DF6-62067759EE9F}.Debug|Any CPU.Build.0 = Debug|Any CPU
		{0056EB3F-C44E-472B-8DF6-62067759EE9F}.Release|Any CPU.ActiveCfg = Release|Any CPU
		{0056EB3F-C44E-472B-8DF6-62067759EE9F}.Release|Any CPU.Build.0 = Release|Any CPU
		{24D7203A-6A80-4C86-AD1D-1D50993F8C29}.Debug|Any CPU.ActiveCfg = Debug|Any CPU
		{24D7203A-6A80-4C86-AD1D-1D50993F8C29}.Debug|Any CPU.Build.0 = Debug|Any CPU
		{24D7203A-6A80-4C86-AD1D-1D50993F8C29}.Release|Any CPU.ActiveCfg = Release|Any CPU
		{24D7203A-6A80-4C86-AD1D-1D50993F8C29}.Release|Any CPU.Build.0 = Release|Any CPU
		{4CC83BCD-A8AC-493E-808C-428C85E5C5B6}.Debug|Any CPU.ActiveCfg = Debug|Any CPU
		{4CC83BCD-A8AC-493E-808C-428C85E5C5B6}.Debug|Any CPU.Build.0 = Debug|Any CPU
		{4CC83BCD-A8AC-493E-808C-428C85E5C5B6}.Release|Any CPU.ActiveCfg = Release|Any CPU
		{4CC83BCD-A8AC-493E-808C-428C85E5C5B6}.Release|Any CPU.Build.0 = Release|Any CPU
		{00458E19-D313-46B8-90A2-E7C669A9C6FF}.Debug|Any CPU.ActiveCfg = Debug|Any CPU
		{00458E19-D313-46B8-90A2-E7C669A9C6FF}.Debug|Any CPU.Build.0 = Debug|Any CPU
		{00458E19-D313-46B8-90A2-E7C669A9C6FF}.Release|Any CPU.ActiveCfg = Release|Any CPU
		{00458E19-D313-46B8-90A2-E7C669A9C6FF}.Release|Any CPU.Build.0 = Release|Any CPU
		{C510945A-97AB-4D7B-BA21-3FF7695CAAC6}.Debug|Any CPU.ActiveCfg = Debug|Any CPU
		{C510945A-97AB-4D7B-BA21-3FF7695CAAC6}.Debug|Any CPU.Build.0 = Debug|Any CPU
		{C510945A-97AB-4D7B-BA21-3FF7695CAAC6}.Release|Any CPU.ActiveCfg = Release|Any CPU
		{C510945A-97AB-4D7B-BA21-3FF7695CAAC6}.Release|Any CPU.Build.0 = Release|Any CPU
		{30F56EA8-851F-40C5-A8AC-8F1AB64480E6}.Debug|Any CPU.ActiveCfg = Debug|Any CPU
		{30F56EA8-851F-40C5-A8AC-8F1AB64480E6}.Debug|Any CPU.Build.0 = Debug|Any CPU
		{30F56EA8-851F-40C5-A8AC-8F1AB64480E6}.Release|Any CPU.ActiveCfg = Release|Any CPU
		{30F56EA8-851F-40C5-A8AC-8F1AB64480E6}.Release|Any CPU.Build.0 = Release|Any CPU
		{A5A480ED-5DCC-4D6F-8290-846AEEC53678}.Debug|Any CPU.ActiveCfg = Debug|Any CPU
		{A5A480ED-5DCC-4D6F-8290-846AEEC53678}.Debug|Any CPU.Build.0 = Debug|Any CPU
		{A5A480ED-5DCC-4D6F-8290-846AEEC53678}.Release|Any CPU.ActiveCfg = Release|Any CPU
		{A5A480ED-5DCC-4D6F-8290-846AEEC53678}.Release|Any CPU.Build.0 = Release|Any CPU
		{2E427938-5B2A-4159-B17A-127FE350E0D5}.Debug|Any CPU.ActiveCfg = Debug|Any CPU
		{2E427938-5B2A-4159-B17A-127FE350E0D5}.Debug|Any CPU.Build.0 = Debug|Any CPU
		{2E427938-5B2A-4159-B17A-127FE350E0D5}.Release|Any CPU.ActiveCfg = Release|Any CPU
		{2E427938-5B2A-4159-B17A-127FE350E0D5}.Release|Any CPU.Build.0 = Release|Any CPU
		{F248C6AB-23EE-4B53-829A-CDEF9B5E86F7}.Debug|Any CPU.ActiveCfg = Debug|Any CPU
		{F248C6AB-23EE-4B53-829A-CDEF9B5E86F7}.Debug|Any CPU.Build.0 = Debug|Any CPU
		{F248C6AB-23EE-4B53-829A-CDEF9B5E86F7}.Release|Any CPU.ActiveCfg = Release|Any CPU
		{F248C6AB-23EE-4B53-829A-CDEF9B5E86F7}.Release|Any CPU.Build.0 = Release|Any CPU
		{CED75CD3-5F1E-47A7-AD08-D892B419A33E}.Debug|Any CPU.ActiveCfg = Debug|Any CPU
		{CED75CD3-5F1E-47A7-AD08-D892B419A33E}.Debug|Any CPU.Build.0 = Debug|Any CPU
		{CED75CD3-5F1E-47A7-AD08-D892B419A33E}.Release|Any CPU.ActiveCfg = Release|Any CPU
		{CED75CD3-5F1E-47A7-AD08-D892B419A33E}.Release|Any CPU.Build.0 = Release|Any CPU
		{FE61D99D-CAFD-4F11-A757-EFDA59A84B2B}.Debug|Any CPU.ActiveCfg = Debug|Any CPU
		{FE61D99D-CAFD-4F11-A757-EFDA59A84B2B}.Debug|Any CPU.Build.0 = Debug|Any CPU
		{FE61D99D-CAFD-4F11-A757-EFDA59A84B2B}.Release|Any CPU.ActiveCfg = Release|Any CPU
		{FE61D99D-CAFD-4F11-A757-EFDA59A84B2B}.Release|Any CPU.Build.0 = Release|Any CPU
		{53BFA129-1E2B-4AA4-BCDC-61BF050BEB6D}.Debug|Any CPU.ActiveCfg = Debug|Any CPU
		{53BFA129-1E2B-4AA4-BCDC-61BF050BEB6D}.Debug|Any CPU.Build.0 = Debug|Any CPU
		{53BFA129-1E2B-4AA4-BCDC-61BF050BEB6D}.Release|Any CPU.ActiveCfg = Release|Any CPU
		{53BFA129-1E2B-4AA4-BCDC-61BF050BEB6D}.Release|Any CPU.Build.0 = Release|Any CPU
		{EF8965C4-3541-47A2-9503-CA50E2BF7267}.Debug|Any CPU.ActiveCfg = Debug|Any CPU
		{EF8965C4-3541-47A2-9503-CA50E2BF7267}.Debug|Any CPU.Build.0 = Debug|Any CPU
		{EF8965C4-3541-47A2-9503-CA50E2BF7267}.Release|Any CPU.ActiveCfg = Release|Any CPU
		{EF8965C4-3541-47A2-9503-CA50E2BF7267}.Release|Any CPU.Build.0 = Release|Any CPU
		{56DF98A2-7590-480F-ABF9-043E9589659B}.Debug|Any CPU.ActiveCfg = Debug|Any CPU
		{56DF98A2-7590-480F-ABF9-043E9589659B}.Debug|Any CPU.Build.0 = Debug|Any CPU
		{56DF98A2-7590-480F-ABF9-043E9589659B}.Release|Any CPU.ActiveCfg = Release|Any CPU
		{56DF98A2-7590-480F-ABF9-043E9589659B}.Release|Any CPU.Build.0 = Release|Any CPU
		{DC7E29B1-A9E3-43B0-B984-39B985B98A02}.Debug|Any CPU.ActiveCfg = Debug|Any CPU
		{DC7E29B1-A9E3-43B0-B984-39B985B98A02}.Debug|Any CPU.Build.0 = Debug|Any CPU
		{DC7E29B1-A9E3-43B0-B984-39B985B98A02}.Release|Any CPU.ActiveCfg = Release|Any CPU
		{DC7E29B1-A9E3-43B0-B984-39B985B98A02}.Release|Any CPU.Build.0 = Release|Any CPU
		{DBDA8473-BA49-4DC5-8963-157003A84468}.Debug|Any CPU.ActiveCfg = Debug|Any CPU
		{DBDA8473-BA49-4DC5-8963-157003A84468}.Debug|Any CPU.Build.0 = Debug|Any CPU
		{DBDA8473-BA49-4DC5-8963-157003A84468}.Release|Any CPU.ActiveCfg = Release|Any CPU
		{DBDA8473-BA49-4DC5-8963-157003A84468}.Release|Any CPU.Build.0 = Release|Any CPU
		{865857C6-0F07-4B7A-8BC5-6469421DE86C}.Debug|Any CPU.ActiveCfg = Debug|Any CPU
		{865857C6-0F07-4B7A-8BC5-6469421DE86C}.Debug|Any CPU.Build.0 = Debug|Any CPU
		{865857C6-0F07-4B7A-8BC5-6469421DE86C}.Release|Any CPU.ActiveCfg = Release|Any CPU
		{865857C6-0F07-4B7A-8BC5-6469421DE86C}.Release|Any CPU.Build.0 = Release|Any CPU
		{CE01C1E3-E4B6-4F57-A958-F48174E46EB2}.Debug|Any CPU.ActiveCfg = Debug|Any CPU
		{CE01C1E3-E4B6-4F57-A958-F48174E46EB2}.Debug|Any CPU.Build.0 = Debug|Any CPU
		{CE01C1E3-E4B6-4F57-A958-F48174E46EB2}.Release|Any CPU.ActiveCfg = Release|Any CPU
		{CE01C1E3-E4B6-4F57-A958-F48174E46EB2}.Release|Any CPU.Build.0 = Release|Any CPU
		{8416AC1B-15BC-466F-9B64-291DD8063D7D}.Debug|Any CPU.ActiveCfg = Debug|Any CPU
		{8416AC1B-15BC-466F-9B64-291DD8063D7D}.Debug|Any CPU.Build.0 = Debug|Any CPU
		{8416AC1B-15BC-466F-9B64-291DD8063D7D}.Release|Any CPU.ActiveCfg = Release|Any CPU
		{8416AC1B-15BC-466F-9B64-291DD8063D7D}.Release|Any CPU.Build.0 = Release|Any CPU
		{790F3F61-EC3A-471B-A676-AF8E73160891}.Debug|Any CPU.ActiveCfg = Debug|Any CPU
		{790F3F61-EC3A-471B-A676-AF8E73160891}.Debug|Any CPU.Build.0 = Debug|Any CPU
		{790F3F61-EC3A-471B-A676-AF8E73160891}.Release|Any CPU.ActiveCfg = Release|Any CPU
		{790F3F61-EC3A-471B-A676-AF8E73160891}.Release|Any CPU.Build.0 = Release|Any CPU
		{D2EECD34-1791-42BC-94BA-07F62FDCE23B}.Debug|Any CPU.ActiveCfg = Debug|Any CPU
		{D2EECD34-1791-42BC-94BA-07F62FDCE23B}.Debug|Any CPU.Build.0 = Debug|Any CPU
		{D2EECD34-1791-42BC-94BA-07F62FDCE23B}.Release|Any CPU.ActiveCfg = Release|Any CPU
		{D2EECD34-1791-42BC-94BA-07F62FDCE23B}.Release|Any CPU.Build.0 = Release|Any CPU
		{D415E042-37BA-47A4-B066-5BC155379C98}.Debug|Any CPU.ActiveCfg = Debug|Any CPU
		{D415E042-37BA-47A4-B066-5BC155379C98}.Debug|Any CPU.Build.0 = Debug|Any CPU
		{D415E042-37BA-47A4-B066-5BC155379C98}.Release|Any CPU.ActiveCfg = Release|Any CPU
		{D415E042-37BA-47A4-B066-5BC155379C98}.Release|Any CPU.Build.0 = Release|Any CPU
		{18ABCD2D-99B7-4257-9A72-C72DE385CFCE}.Debug|Any CPU.ActiveCfg = Debug|Any CPU
		{18ABCD2D-99B7-4257-9A72-C72DE385CFCE}.Debug|Any CPU.Build.0 = Debug|Any CPU
		{18ABCD2D-99B7-4257-9A72-C72DE385CFCE}.Release|Any CPU.ActiveCfg = Release|Any CPU
		{18ABCD2D-99B7-4257-9A72-C72DE385CFCE}.Release|Any CPU.Build.0 = Release|Any CPU
	EndGlobalSection
	GlobalSection(SolutionProperties) = preSolution
		HideSolutionNode = FALSE
	EndGlobalSection
	GlobalSection(NestedProjects) = preSolution
		{10FD5B48-FBAF-4C9F-A0FA-6D389EA909E8} = {FDEB445B-ADED-43C7-A5F8-B31050CC1FA7}
		{15931FC3-5847-4CCD-864D-B3021ACBA493} = {2006F265-C085-4F5D-8EFE-29B15B8C003B}
		{5EB1E686-91BC-437B-A8A2-70B37CFDD030} = {15931FC3-5847-4CCD-864D-B3021ACBA493}
		{4B3DDD05-59A1-4909-99F5-BF9C9DE9E030} = {15931FC3-5847-4CCD-864D-B3021ACBA493}
		{D775D3AA-ADA4-48CD-AA89-BCC6538659C0} = {15931FC3-5847-4CCD-864D-B3021ACBA493}
		{8B7000C5-5047-4B88-A682-18AD88122FF8} = {15931FC3-5847-4CCD-864D-B3021ACBA493}
		{3B2DE55E-BD5F-41B6-9FF0-3ED29456EEEB} = {2006F265-C085-4F5D-8EFE-29B15B8C003B}
		{4011DE0B-E16D-4B35-9AD6-BC4F98DE8C5A} = {3B2DE55E-BD5F-41B6-9FF0-3ED29456EEEB}
		{C7C2B7C3-03B2-4B70-BEE6-394290DEF372} = {3B2DE55E-BD5F-41B6-9FF0-3ED29456EEEB}
		{EC5DA055-56D5-4A8F-94D2-20249C556B81} = {3B2DE55E-BD5F-41B6-9FF0-3ED29456EEEB}
		{0261D36B-125C-4CEB-A6CD-D1454AAAE458} = {3B2DE55E-BD5F-41B6-9FF0-3ED29456EEEB}
		{60C4787C-2D2D-4544-B599-BF97F20BA609} = {2006F265-C085-4F5D-8EFE-29B15B8C003B}
		{0056EB3F-C44E-472B-8DF6-62067759EE9F} = {60C4787C-2D2D-4544-B599-BF97F20BA609}
		{24D7203A-6A80-4C86-AD1D-1D50993F8C29} = {60C4787C-2D2D-4544-B599-BF97F20BA609}
		{4CC83BCD-A8AC-493E-808C-428C85E5C5B6} = {60C4787C-2D2D-4544-B599-BF97F20BA609}
		{00458E19-D313-46B8-90A2-E7C669A9C6FF} = {60C4787C-2D2D-4544-B599-BF97F20BA609}
		{FDEB445B-ADED-43C7-A5F8-B31050CC1FA7} = {2006F265-C085-4F5D-8EFE-29B15B8C003B}
		{C510945A-97AB-4D7B-BA21-3FF7695CAAC6} = {FDEB445B-ADED-43C7-A5F8-B31050CC1FA7}
		{30F56EA8-851F-40C5-A8AC-8F1AB64480E6} = {FDEB445B-ADED-43C7-A5F8-B31050CC1FA7}
		{853089EC-57A1-4433-A56F-AE49B5A12401} = {2006F265-C085-4F5D-8EFE-29B15B8C003B}
		{53BFA129-1E2B-4AA4-BCDC-61BF050BEB6D} = {853089EC-57A1-4433-A56F-AE49B5A12401}
		{EF8965C4-3541-47A2-9503-CA50E2BF7267} = {853089EC-57A1-4433-A56F-AE49B5A12401}
		{56DF98A2-7590-480F-ABF9-043E9589659B} = {853089EC-57A1-4433-A56F-AE49B5A12401}
		{DC7E29B1-A9E3-43B0-B984-39B985B98A02} = {853089EC-57A1-4433-A56F-AE49B5A12401}
		{7E15E968-DE68-4654-97B3-330CB225A764} = {2006F265-C085-4F5D-8EFE-29B15B8C003B}
		{DBDA8473-BA49-4DC5-8963-157003A84468} = {7E15E968-DE68-4654-97B3-330CB225A764}
		{865857C6-0F07-4B7A-8BC5-6469421DE86C} = {7E15E968-DE68-4654-97B3-330CB225A764}
		{CE01C1E3-E4B6-4F57-A958-F48174E46EB2} = {7E15E968-DE68-4654-97B3-330CB225A764}
		{8416AC1B-15BC-466F-9B64-291DD8063D7D} = {7E15E968-DE68-4654-97B3-330CB225A764}
		{A9FCC537-8862-4BFF-8DF9-4108EFB4AC4E} = {2006F265-C085-4F5D-8EFE-29B15B8C003B}
		{790F3F61-EC3A-471B-A676-AF8E73160891} = {A9FCC537-8862-4BFF-8DF9-4108EFB4AC4E}
		{D2EECD34-1791-42BC-94BA-07F62FDCE23B} = {A9FCC537-8862-4BFF-8DF9-4108EFB4AC4E}
		{D415E042-37BA-47A4-B066-5BC155379C98} = {A9FCC537-8862-4BFF-8DF9-4108EFB4AC4E}
		{18ABCD2D-99B7-4257-9A72-C72DE385CFCE} = {A9FCC537-8862-4BFF-8DF9-4108EFB4AC4E}
		{581E735B-273B-40D5-BFE8-E3A3D69A8BFA} = {6CEABC5E-C3AD-45DE-9302-1321FCAD8033}
	EndGlobalSection
EndGlobal
